// !$*UTF8*$!
{
	archiveVersion = 1;
	classes = {
	};
	objectVersion = 56;
	objects = {

/* Begin PBXBuildFile section */
		645F65872BE8AFE000F97BD9 /* PhuPhanNoteApp.swift in Sources */ = {isa = PBXBuildFile; fileRef = 645F65862BE8AFE000F97BD9 /* PhuPhanNoteApp.swift */; };
		645F65892BE8AFE000F97BD9 /* ContentView.swift in Sources */ = {isa = PBXBuildFile; fileRef = 645F65882BE8AFE000F97BD9 /* ContentView.swift */; };
		645F658B2BE8AFE100F97BD9 /* Assets.xcassets in Resources */ = {isa = PBXBuildFile; fileRef = 645F658A2BE8AFE100F97BD9 /* Assets.xcassets */; };
		645F658E2BE8AFE100F97BD9 /* Preview Assets.xcassets in Resources */ = {isa = PBXBuildFile; fileRef = 645F658D2BE8AFE100F97BD9 /* Preview Assets.xcassets */; };
		645F65972BE8B39A00F97BD9 /* GoogleService-Info.plist in Resources */ = {isa = PBXBuildFile; fileRef = 645F65962BE8B39A00F97BD9 /* GoogleService-Info.plist */; };
		645F659A2BE8B3DF00F97BD9 /* FirebaseFirestore in Frameworks */ = {isa = PBXBuildFile; productRef = 645F65992BE8B3DF00F97BD9 /* FirebaseFirestore */; };
		645F659F2BE8C24700F97BD9 /* User.swift in Sources */ = {isa = PBXBuildFile; fileRef = 645F659E2BE8C24700F97BD9 /* User.swift */; };
		645F65A22BE8C82A00F97BD9 /* Note.swift in Sources */ = {isa = PBXBuildFile; fileRef = 645F65A12BE8C82A00F97BD9 /* Note.swift */; };
		645F65A42BE8E0F200F97BD9 /* NoteView.swift in Sources */ = {isa = PBXBuildFile; fileRef = 645F65A32BE8E0F200F97BD9 /* NoteView.swift */; };
		645F65A62BE8E0FE00F97BD9 /* NoteListView.swift in Sources */ = {isa = PBXBuildFile; fileRef = 645F65A52BE8E0FE00F97BD9 /* NoteListView.swift */; };
		645F65A82BE8E46800F97BD9 /* UserRepository.swift in Sources */ = {isa = PBXBuildFile; fileRef = 645F65A72BE8E46800F97BD9 /* UserRepository.swift */; };
		645F65AA2BE8E48300F97BD9 /* NoteRepository.swift in Sources */ = {isa = PBXBuildFile; fileRef = 645F65A92BE8E48300F97BD9 /* NoteRepository.swift */; };
		64FAE8DE2BEA03BE0079A0EC /* NoteViewModel.swift in Sources */ = {isa = PBXBuildFile; fileRef = 64FAE8DD2BEA03BE0079A0EC /* NoteViewModel.swift */; };
		64FAE8E02BEA03CB0079A0EC /* NoteListViewModel.swift in Sources */ = {isa = PBXBuildFile; fileRef = 64FAE8DF2BEA03CB0079A0EC /* NoteListViewModel.swift */; };
		64FAE8E22BEA13D80079A0EC /* UserView.swift in Sources */ = {isa = PBXBuildFile; fileRef = 64FAE8E12BEA13D80079A0EC /* UserView.swift */; };
		64FAE8E42BEA21010079A0EC /* UserViewModel.swift in Sources */ = {isa = PBXBuildFile; fileRef = 64FAE8E32BEA21010079A0EC /* UserViewModel.swift */; };
/* End PBXBuildFile section */

/* Begin PBXFileReference section */
		645F65832BE8AFE000F97BD9 /* PhuPhanNote.app */ = {isa = PBXFileReference; explicitFileType = wrapper.application; includeInIndex = 0; path = PhuPhanNote.app; sourceTree = BUILT_PRODUCTS_DIR; };
		645F65862BE8AFE000F97BD9 /* PhuPhanNoteApp.swift */ = {isa = PBXFileReference; lastKnownFileType = sourcecode.swift; path = PhuPhanNoteApp.swift; sourceTree = "<group>"; };
		645F65882BE8AFE000F97BD9 /* ContentView.swift */ = {isa = PBXFileReference; lastKnownFileType = sourcecode.swift; path = ContentView.swift; sourceTree = "<group>"; };
		645F658A2BE8AFE100F97BD9 /* Assets.xcassets */ = {isa = PBXFileReference; lastKnownFileType = folder.assetcatalog; path = Assets.xcassets; sourceTree = "<group>"; };
		645F658D2BE8AFE100F97BD9 /* Preview Assets.xcassets */ = {isa = PBXFileReference; lastKnownFileType = folder.assetcatalog; path = "Preview Assets.xcassets"; sourceTree = "<group>"; };
		645F65962BE8B39A00F97BD9 /* GoogleService-Info.plist */ = {isa = PBXFileReference; fileEncoding = 4; lastKnownFileType = text.plist.xml; path = "GoogleService-Info.plist"; sourceTree = "<group>"; };
		645F659E2BE8C24700F97BD9 /* User.swift */ = {isa = PBXFileReference; lastKnownFileType = sourcecode.swift; path = User.swift; sourceTree = "<group>"; };
		645F65A12BE8C82A00F97BD9 /* Note.swift */ = {isa = PBXFileReference; lastKnownFileType = sourcecode.swift; path = Note.swift; sourceTree = "<group>"; };
		645F65A32BE8E0F200F97BD9 /* NoteView.swift */ = {isa = PBXFileReference; lastKnownFileType = sourcecode.swift; path = NoteView.swift; sourceTree = "<group>"; };
		645F65A52BE8E0FE00F97BD9 /* NoteListView.swift */ = {isa = PBXFileReference; lastKnownFileType = sourcecode.swift; path = NoteListView.swift; sourceTree = "<group>"; };
		645F65A72BE8E46800F97BD9 /* UserRepository.swift */ = {isa = PBXFileReference; lastKnownFileType = sourcecode.swift; path = UserRepository.swift; sourceTree = "<group>"; };
		645F65A92BE8E48300F97BD9 /* NoteRepository.swift */ = {isa = PBXFileReference; lastKnownFileType = sourcecode.swift; path = NoteRepository.swift; sourceTree = "<group>"; };
		64FAE8DD2BEA03BE0079A0EC /* NoteViewModel.swift */ = {isa = PBXFileReference; lastKnownFileType = sourcecode.swift; path = NoteViewModel.swift; sourceTree = "<group>"; };
		64FAE8DF2BEA03CB0079A0EC /* NoteListViewModel.swift */ = {isa = PBXFileReference; lastKnownFileType = sourcecode.swift; path = NoteListViewModel.swift; sourceTree = "<group>"; };
		64FAE8E12BEA13D80079A0EC /* UserView.swift */ = {isa = PBXFileReference; lastKnownFileType = sourcecode.swift; path = UserView.swift; sourceTree = "<group>"; };
		64FAE8E32BEA21010079A0EC /* UserViewModel.swift */ = {isa = PBXFileReference; lastKnownFileType = sourcecode.swift; path = UserViewModel.swift; sourceTree = "<group>"; };
/* End PBXFileReference section */

/* Begin PBXFrameworksBuildPhase section */
		645F65802BE8AFE000F97BD9 /* Frameworks */ = {
			isa = PBXFrameworksBuildPhase;
			buildActionMask = 2147483647;
			files = (
				645F659A2BE8B3DF00F97BD9 /* FirebaseFirestore in Frameworks */,
			);
			runOnlyForDeploymentPostprocessing = 0;
		};
/* End PBXFrameworksBuildPhase section */

/* Begin PBXGroup section */
		645F657A2BE8AFE000F97BD9 = {
			isa = PBXGroup;
			children = (
				645F65852BE8AFE000F97BD9 /* PhuPhanNote */,
				645F65842BE8AFE000F97BD9 /* Products */,
			);
			sourceTree = "<group>";
		};
		645F65842BE8AFE000F97BD9 /* Products */ = {
			isa = PBXGroup;
			children = (
				645F65832BE8AFE000F97BD9 /* PhuPhanNote.app */,
			);
			name = Products;
			sourceTree = "<group>";
		};
		645F65852BE8AFE000F97BD9 /* PhuPhanNote */ = {
			isa = PBXGroup;
			children = (
				645F65A02BE8C78900F97BD9 /* FirestoreRepository */,
				645F659D2BE8C23500F97BD9 /* View */,
				645F659C2BE8C22C00F97BD9 /* ViewModel */,
				645F659B2BE8C22100F97BD9 /* Model */,
				645F65862BE8AFE000F97BD9 /* PhuPhanNoteApp.swift */,
				645F65882BE8AFE000F97BD9 /* ContentView.swift */,
				645F65962BE8B39A00F97BD9 /* GoogleService-Info.plist */,
				645F658A2BE8AFE100F97BD9 /* Assets.xcassets */,
				645F658C2BE8AFE100F97BD9 /* Preview Content */,
			);
			path = PhuPhanNote;
			sourceTree = "<group>";
		};
		645F658C2BE8AFE100F97BD9 /* Preview Content */ = {
			isa = PBXGroup;
			children = (
				645F658D2BE8AFE100F97BD9 /* Preview Assets.xcassets */,
			);
			path = "Preview Content";
			sourceTree = "<group>";
		};
		645F659B2BE8C22100F97BD9 /* Model */ = {
			isa = PBXGroup;
			children = (
				645F659E2BE8C24700F97BD9 /* User.swift */,
				645F65A12BE8C82A00F97BD9 /* Note.swift */,
			);
			path = Model;
			sourceTree = "<group>";
		};
		645F659C2BE8C22C00F97BD9 /* ViewModel */ = {
			isa = PBXGroup;
			children = (
				64FAE8DD2BEA03BE0079A0EC /* NoteViewModel.swift */,
				64FAE8DF2BEA03CB0079A0EC /* NoteListViewModel.swift */,
				64FAE8E32BEA21010079A0EC /* UserViewModel.swift */,
			);
			path = ViewModel;
			sourceTree = "<group>";
		};
		645F659D2BE8C23500F97BD9 /* View */ = {
			isa = PBXGroup;
			children = (
				645F65A32BE8E0F200F97BD9 /* NoteView.swift */,
				645F65A52BE8E0FE00F97BD9 /* NoteListView.swift */,
				64FAE8E12BEA13D80079A0EC /* UserView.swift */,
			);
			path = View;
			sourceTree = "<group>";
		};
		645F65A02BE8C78900F97BD9 /* FirestoreRepository */ = {
			isa = PBXGroup;
			children = (
				645F65A72BE8E46800F97BD9 /* UserRepository.swift */,
				645F65A92BE8E48300F97BD9 /* NoteRepository.swift */,
			);
			path = FirestoreRepository;
			sourceTree = "<group>";
		};
/* End PBXGroup section */

/* Begin PBXNativeTarget section */
		645F65822BE8AFE000F97BD9 /* PhuPhanNote */ = {
			isa = PBXNativeTarget;
			buildConfigurationList = 645F65912BE8AFE100F97BD9 /* Build configuration list for PBXNativeTarget "PhuPhanNote" */;
			buildPhases = (
				645F657F2BE8AFE000F97BD9 /* Sources */,
				645F65802BE8AFE000F97BD9 /* Frameworks */,
				645F65812BE8AFE000F97BD9 /* Resources */,
			);
			buildRules = (
			);
			dependencies = (
			);
			name = PhuPhanNote;
			packageProductDependencies = (
				645F65992BE8B3DF00F97BD9 /* FirebaseFirestore */,
			);
			productName = PhuPhanNote;
			productReference = 645F65832BE8AFE000F97BD9 /* PhuPhanNote.app */;
			productType = "com.apple.product-type.application";
		};
/* End PBXNativeTarget section */

/* Begin PBXProject section */
		645F657B2BE8AFE000F97BD9 /* Project object */ = {
			isa = PBXProject;
			attributes = {
				BuildIndependentTargetsInParallel = 1;
				LastSwiftUpdateCheck = 1530;
				LastUpgradeCheck = 1530;
				TargetAttributes = {
					645F65822BE8AFE000F97BD9 = {
						CreatedOnToolsVersion = 15.3;
					};
				};
			};
			buildConfigurationList = 645F657E2BE8AFE000F97BD9 /* Build configuration list for PBXProject "PhuPhanNote" */;
			compatibilityVersion = "Xcode 14.0";
			developmentRegion = en;
			hasScannedForEncodings = 0;
			knownRegions = (
				en,
				Base,
			);
			mainGroup = 645F657A2BE8AFE000F97BD9;
			packageReferences = (
				645F65982BE8B3DF00F97BD9 /* XCRemoteSwiftPackageReference "firebase-ios-sdk" */,
			);
			productRefGroup = 645F65842BE8AFE000F97BD9 /* Products */;
			projectDirPath = "";
			projectRoot = "";
			targets = (
				645F65822BE8AFE000F97BD9 /* PhuPhanNote */,
			);
		};
/* End PBXProject section */

/* Begin PBXResourcesBuildPhase section */
		645F65812BE8AFE000F97BD9 /* Resources */ = {
			isa = PBXResourcesBuildPhase;
			buildActionMask = 2147483647;
			files = (
				645F658E2BE8AFE100F97BD9 /* Preview Assets.xcassets in Resources */,
				645F658B2BE8AFE100F97BD9 /* Assets.xcassets in Resources */,
				645F65972BE8B39A00F97BD9 /* GoogleService-Info.plist in Resources */,
			);
			runOnlyForDeploymentPostprocessing = 0;
		};
/* End PBXResourcesBuildPhase section */

/* Begin PBXSourcesBuildPhase section */
		645F657F2BE8AFE000F97BD9 /* Sources */ = {
			isa = PBXSourcesBuildPhase;
			buildActionMask = 2147483647;
			files = (
				64FAE8E22BEA13D80079A0EC /* UserView.swift in Sources */,
				64FAE8E42BEA21010079A0EC /* UserViewModel.swift in Sources */,
				645F65892BE8AFE000F97BD9 /* ContentView.swift in Sources */,
				645F65A42BE8E0F200F97BD9 /* NoteView.swift in Sources */,
				64FAE8DE2BEA03BE0079A0EC /* NoteViewModel.swift in Sources */,
				645F65A62BE8E0FE00F97BD9 /* NoteListView.swift in Sources */,
				645F65A82BE8E46800F97BD9 /* UserRepository.swift in Sources */,
				645F65872BE8AFE000F97BD9 /* PhuPhanNoteApp.swift in Sources */,
				645F65AA2BE8E48300F97BD9 /* NoteRepository.swift in Sources */,
				645F659F2BE8C24700F97BD9 /* User.swift in Sources */,
				64FAE8E02BEA03CB0079A0EC /* NoteListViewModel.swift in Sources */,
				645F65A22BE8C82A00F97BD9 /* Note.swift in Sources */,
			);
			runOnlyForDeploymentPostprocessing = 0;
		};
/* End PBXSourcesBuildPhase section */

/* Begin XCBuildConfiguration section */
		645F658F2BE8AFE100F97BD9 /* Debug */ = {
			isa = XCBuildConfiguration;
			buildSettings = {
				ALWAYS_SEARCH_USER_PATHS = NO;
				ASSETCATALOG_COMPILER_GENERATE_SWIFT_ASSET_SYMBOL_EXTENSIONS = YES;
				CLANG_ANALYZER_NONNULL = YES;
				CLANG_ANALYZER_NUMBER_OBJECT_CONVERSION = YES_AGGRESSIVE;
				CLANG_CXX_LANGUAGE_STANDARD = "gnu++20";
				CLANG_ENABLE_MODULES = YES;
				CLANG_ENABLE_OBJC_ARC = YES;
				CLANG_ENABLE_OBJC_WEAK = YES;
				CLANG_WARN_BLOCK_CAPTURE_AUTORELEASING = YES;
				CLANG_WARN_BOOL_CONVERSION = YES;
				CLANG_WARN_COMMA = YES;
				CLANG_WARN_CONSTANT_CONVERSION = YES;
				CLANG_WARN_DEPRECATED_OBJC_IMPLEMENTATIONS = YES;
				CLANG_WARN_DIRECT_OBJC_ISA_USAGE = YES_ERROR;
				CLANG_WARN_DOCUMENTATION_COMMENTS = YES;
				CLANG_WARN_EMPTY_BODY = YES;
				CLANG_WARN_ENUM_CONVERSION = YES;
				CLANG_WARN_INFINITE_RECURSION = YES;
				CLANG_WARN_INT_CONVERSION = YES;
				CLANG_WARN_NON_LITERAL_NULL_CONVERSION = YES;
				CLANG_WARN_OBJC_IMPLICIT_RETAIN_SELF = YES;
				CLANG_WARN_OBJC_LITERAL_CONVERSION = YES;
				CLANG_WARN_OBJC_ROOT_CLASS = YES_ERROR;
				CLANG_WARN_QUOTED_INCLUDE_IN_FRAMEWORK_HEADER = YES;
				CLANG_WARN_RANGE_LOOP_ANALYSIS = YES;
				CLANG_WARN_STRICT_PROTOTYPES = YES;
				CLANG_WARN_SUSPICIOUS_MOVE = YES;
				CLANG_WARN_UNGUARDED_AVAILABILITY = YES_AGGRESSIVE;
				CLANG_WARN_UNREACHABLE_CODE = YES;
				CLANG_WARN__DUPLICATE_METHOD_MATCH = YES;
				COPY_PHASE_STRIP = NO;
				DEBUG_INFORMATION_FORMAT = dwarf;
				ENABLE_STRICT_OBJC_MSGSEND = YES;
				ENABLE_TESTABILITY = YES;
				ENABLE_USER_SCRIPT_SANDBOXING = YES;
				GCC_C_LANGUAGE_STANDARD = gnu17;
				GCC_DYNAMIC_NO_PIC = NO;
				GCC_NO_COMMON_BLOCKS = YES;
				GCC_OPTIMIZATION_LEVEL = 0;
				GCC_PREPROCESSOR_DEFINITIONS = (
					"DEBUG=1",
					"$(inherited)",
				);
				GCC_WARN_64_TO_32_BIT_CONVERSION = YES;
				GCC_WARN_ABOUT_RETURN_TYPE = YES_ERROR;
				GCC_WARN_UNDECLARED_SELECTOR = YES;
				GCC_WARN_UNINITIALIZED_AUTOS = YES_AGGRESSIVE;
				GCC_WARN_UNUSED_FUNCTION = YES;
				GCC_WARN_UNUSED_VARIABLE = YES;
				IPHONEOS_DEPLOYMENT_TARGET = 16.0;
				LOCALIZATION_PREFERS_STRING_CATALOGS = YES;
				MTL_ENABLE_DEBUG_INFO = INCLUDE_SOURCE;
				MTL_FAST_MATH = YES;
				ONLY_ACTIVE_ARCH = YES;
				SDKROOT = iphoneos;
				SWIFT_ACTIVE_COMPILATION_CONDITIONS = "DEBUG $(inherited)";
				SWIFT_OPTIMIZATION_LEVEL = "-Onone";
			};
			name = Debug;
		};
		645F65902BE8AFE100F97BD9 /* Release */ = {
			isa = XCBuildConfiguration;
			buildSettings = {
				ALWAYS_SEARCH_USER_PATHS = NO;
				ASSETCATALOG_COMPILER_GENERATE_SWIFT_ASSET_SYMBOL_EXTENSIONS = YES;
				CLANG_ANALYZER_NONNULL = YES;
				CLANG_ANALYZER_NUMBER_OBJECT_CONVERSION = YES_AGGRESSIVE;
				CLANG_CXX_LANGUAGE_STANDARD = "gnu++20";
				CLANG_ENABLE_MODULES = YES;
				CLANG_ENABLE_OBJC_ARC = YES;
				CLANG_ENABLE_OBJC_WEAK = YES;
				CLANG_WARN_BLOCK_CAPTURE_AUTORELEASING = YES;
				CLANG_WARN_BOOL_CONVERSION = YES;
				CLANG_WARN_COMMA = YES;
				CLANG_WARN_CONSTANT_CONVERSION = YES;
				CLANG_WARN_DEPRECATED_OBJC_IMPLEMENTATIONS = YES;
				CLANG_WARN_DIRECT_OBJC_ISA_USAGE = YES_ERROR;
				CLANG_WARN_DOCUMENTATION_COMMENTS = YES;
				CLANG_WARN_EMPTY_BODY = YES;
				CLANG_WARN_ENUM_CONVERSION = YES;
				CLANG_WARN_INFINITE_RECURSION = YES;
				CLANG_WARN_INT_CONVERSION = YES;
				CLANG_WARN_NON_LITERAL_NULL_CONVERSION = YES;
				CLANG_WARN_OBJC_IMPLICIT_RETAIN_SELF = YES;
				CLANG_WARN_OBJC_LITERAL_CONVERSION = YES;
				CLANG_WARN_OBJC_ROOT_CLASS = YES_ERROR;
				CLANG_WARN_QUOTED_INCLUDE_IN_FRAMEWORK_HEADER = YES;
				CLANG_WARN_RANGE_LOOP_ANALYSIS = YES;
				CLANG_WARN_STRICT_PROTOTYPES = YES;
				CLANG_WARN_SUSPICIOUS_MOVE = YES;
				CLANG_WARN_UNGUARDED_AVAILABILITY = YES_AGGRESSIVE;
				CLANG_WARN_UNREACHABLE_CODE = YES;
				CLANG_WARN__DUPLICATE_METHOD_MATCH = YES;
				COPY_PHASE_STRIP = NO;
				DEBUG_INFORMATION_FORMAT = "dwarf-with-dsym";
				ENABLE_NS_ASSERTIONS = NO;
				ENABLE_STRICT_OBJC_MSGSEND = YES;
				ENABLE_USER_SCRIPT_SANDBOXING = YES;
				GCC_C_LANGUAGE_STANDARD = gnu17;
				GCC_NO_COMMON_BLOCKS = YES;
				GCC_WARN_64_TO_32_BIT_CONVERSION = YES;
				GCC_WARN_ABOUT_RETURN_TYPE = YES_ERROR;
				GCC_WARN_UNDECLARED_SELECTOR = YES;
				GCC_WARN_UNINITIALIZED_AUTOS = YES_AGGRESSIVE;
				GCC_WARN_UNUSED_FUNCTION = YES;
				GCC_WARN_UNUSED_VARIABLE = YES;
				IPHONEOS_DEPLOYMENT_TARGET = 16.0;
				LOCALIZATION_PREFERS_STRING_CATALOGS = YES;
				MTL_ENABLE_DEBUG_INFO = NO;
				MTL_FAST_MATH = YES;
				SDKROOT = iphoneos;
				SWIFT_COMPILATION_MODE = wholemodule;
				VALIDATE_PRODUCT = YES;
			};
			name = Release;
		};
		645F65922BE8AFE100F97BD9 /* Debug */ = {
			isa = XCBuildConfiguration;
			buildSettings = {
				ASSETCATALOG_COMPILER_APPICON_NAME = AppIcon;
				ASSETCATALOG_COMPILER_GLOBAL_ACCENT_COLOR_NAME = AccentColor;
				CODE_SIGN_STYLE = Automatic;
				CURRENT_PROJECT_VERSION = 1;
				DEVELOPMENT_ASSET_PATHS = "\"PhuPhanNote/Preview Content\"";
				DEVELOPMENT_TEAM = 66MMSGR897;
				ENABLE_PREVIEWS = YES;
				GENERATE_INFOPLIST_FILE = YES;
				INFOPLIST_KEY_CFBundleDisplayName = "Phu Phan Note";
				INFOPLIST_KEY_UIApplicationSceneManifest_Generation = YES;
				INFOPLIST_KEY_UIApplicationSupportsIndirectInputEvents = YES;
				INFOPLIST_KEY_UILaunchScreen_Generation = YES;
				INFOPLIST_KEY_UISupportedInterfaceOrientations = "UIInterfaceOrientationLandscapeLeft UIInterfaceOrientationLandscapeRight UIInterfaceOrientationPortrait";
				INFOPLIST_KEY_UISupportedInterfaceOrientations_iPad = UIInterfaceOrientationPortrait;
				LD_RUNPATH_SEARCH_PATHS = (
					"$(inherited)",
					"@executable_path/Frameworks",
				);
				MARKETING_VERSION = 1.0;
				PRODUCT_BUNDLE_IDENTIFIER = phuphan.dev.kokkappNote;
				PRODUCT_NAME = "$(TARGET_NAME)";
				SWIFT_EMIT_LOC_STRINGS = YES;
				SWIFT_VERSION = 5.0;
				TARGETED_DEVICE_FAMILY = "1,2";
			};
			name = Debug;
		};
		645F65932BE8AFE100F97BD9 /* Release */ = {
			isa = XCBuildConfiguration;
			buildSettings = {
				ASSETCATALOG_COMPILER_APPICON_NAME = AppIcon;
				ASSETCATALOG_COMPILER_GLOBAL_ACCENT_COLOR_NAME = AccentColor;
				CODE_SIGN_STYLE = Automatic;
				CURRENT_PROJECT_VERSION = 1;
				DEVELOPMENT_ASSET_PATHS = "\"PhuPhanNote/Preview Content\"";
				DEVELOPMENT_TEAM = 66MMSGR897;
				ENABLE_PREVIEWS = YES;
				GENERATE_INFOPLIST_FILE = YES;
				INFOPLIST_KEY_CFBundleDisplayName = "Phu Phan Note";
				INFOPLIST_KEY_UIApplicationSceneManifest_Generation = YES;
				INFOPLIST_KEY_UIApplicationSupportsIndirectInputEvents = YES;
				INFOPLIST_KEY_UILaunchScreen_Generation = YES;
				INFOPLIST_KEY_UISupportedInterfaceOrientations = "UIInterfaceOrientationLandscapeLeft UIInterfaceOrientationLandscapeRight UIInterfaceOrientationPortrait";
				INFOPLIST_KEY_UISupportedInterfaceOrientations_iPad = UIInterfaceOrientationPortrait;
				LD_RUNPATH_SEARCH_PATHS = (
					"$(inherited)",
					"@executable_path/Frameworks",
				);
				MARKETING_VERSION = 1.0;
				PRODUCT_BUNDLE_IDENTIFIER = phuphan.dev.kokkappNote;
				PRODUCT_NAME = "$(TARGET_NAME)";
				SWIFT_EMIT_LOC_STRINGS = YES;
				SWIFT_VERSION = 5.0;
				TARGETED_DEVICE_FAMILY = "1,2";
			};
			name = Release;
		};
/* End XCBuildConfiguration section */

/* Begin XCConfigurationList section */
		645F657E2BE8AFE000F97BD9 /* Build configuration list for PBXProject "PhuPhanNote" */ = {
			isa = XCConfigurationList;
			buildConfigurations = (
				645F658F2BE8AFE100F97BD9 /* Debug */,
				645F65902BE8AFE100F97BD9 /* Release */,
			);
			defaultConfigurationIsVisible = 0;
			defaultConfigurationName = Release;
		};
		645F65912BE8AFE100F97BD9 /* Build configuration list for PBXNativeTarget "PhuPhanNote" */ = {
			isa = XCConfigurationList;
			buildConfigurations = (
				645F65922BE8AFE100F97BD9 /* Debug */,
				645F65932BE8AFE100F97BD9 /* Release */,
			);
			defaultConfigurationIsVisible = 0;
			defaultConfigurationName = Release;
		};
/* End XCConfigurationList section */

/* Begin XCRemoteSwiftPackageReference section */
		645F65982BE8B3DF00F97BD9 /* XCRemoteSwiftPackageReference "firebase-ios-sdk" */ = {
			isa = XCRemoteSwiftPackageReference;
			repositoryURL = "https://github.com/firebase/firebase-ios-sdk";
			requirement = {
				kind = upToNextMajorVersion;
				minimumVersion = 10.25.0;
			};
		};
/* End XCRemoteSwiftPackageReference section */

/* Begin XCSwiftPackageProductDependency section */
		645F65992BE8B3DF00F97BD9 /* FirebaseFirestore */ = {
			isa = XCSwiftPackageProductDependency;
			package = 645F65982BE8B3DF00F97BD9 /* XCRemoteSwiftPackageReference "firebase-ios-sdk" */;
			productName = FirebaseFirestore;
		};
/* End XCSwiftPackageProductDependency section */
	};
	rootObject = 645F657B2BE8AFE000F97BD9 /* Project object */;
}
